// !$*UTF8*$!
{
	archiveVersion = 1;
	classes = {
	};
	objectVersion = 48;
	objects = {

/* Begin PBXBuildFile section */
		1D1334FB3221641EA77D4B2E /* Pods_ReactiveArchitectureUITests.framework in Frameworks */ = {isa = PBXBuildFile; fileRef = 3D1F51331460467339977E99 /* Pods_ReactiveArchitectureUITests.framework */; };
		2197BE45551A5EB5404C15C7 /* Pods_ReactiveArchitecture.framework in Frameworks */ = {isa = PBXBuildFile; fileRef = 1901FB5F9B5FB6CD6B54A996 /* Pods_ReactiveArchitecture.framework */; };
		852655311FBBAA340049C0C2 /* NowPlayingTableViewController.swift in Sources */ = {isa = PBXBuildFile; fileRef = 852655301FBBAA340049C0C2 /* NowPlayingTableViewController.swift */; };
		852655341FBCFDFC0049C0C2 /* Dates.swift in Sources */ = {isa = PBXBuildFile; fileRef = 852655331FBCFDFC0049C0C2 /* Dates.swift */; };
		852655361FBCFFFC0049C0C2 /* Results.swift in Sources */ = {isa = PBXBuildFile; fileRef = 852655351FBCFFFC0049C0C2 /* Results.swift */; };
		852655381FBD05700049C0C2 /* ServiceResponse.swift in Sources */ = {isa = PBXBuildFile; fileRef = 852655371FBD05700049C0C2 /* ServiceResponse.swift */; };
		8526553A1FBD095F0049C0C2 /* ServiceApi.swift in Sources */ = {isa = PBXBuildFile; fileRef = 852655391FBD095F0049C0C2 /* ServiceApi.swift */; };
		8526553C1FBDB4050049C0C2 /* ServiceApiImpl.swift in Sources */ = {isa = PBXBuildFile; fileRef = 8526553B1FBDB4050049C0C2 /* ServiceApiImpl.swift */; };
		8534CF641FD6CA9300A7C7F5 /* ServiceApiTest.swift in Sources */ = {isa = PBXBuildFile; fileRef = 8534CF631FD6CA9300A7C7F5 /* ServiceApiTest.swift */; };
		8534CF651FD6DAD100A7C7F5 /* Dates.swift in Sources */ = {isa = PBXBuildFile; fileRef = 852655331FBCFDFC0049C0C2 /* Dates.swift */; };
		8534CF661FD6DCF900A7C7F5 /* Results.swift in Sources */ = {isa = PBXBuildFile; fileRef = 852655351FBCFFFC0049C0C2 /* Results.swift */; };
		8534CF671FD6DCF900A7C7F5 /* ServiceResponse.swift in Sources */ = {isa = PBXBuildFile; fileRef = 852655371FBD05700049C0C2 /* ServiceResponse.swift */; };
		8534CF681FD6DCF900A7C7F5 /* ServiceApi.swift in Sources */ = {isa = PBXBuildFile; fileRef = 852655391FBD095F0049C0C2 /* ServiceApi.swift */; };
		8534CF691FD6DCF900A7C7F5 /* ServiceApiImpl.swift in Sources */ = {isa = PBXBuildFile; fileRef = 8526553B1FBDB4050049C0C2 /* ServiceApiImpl.swift */; };
		8534CF6A1FD6DCF900A7C7F5 /* APIError.swift in Sources */ = {isa = PBXBuildFile; fileRef = 85ED0DE01FCF3A0A00793B91 /* APIError.swift */; };
		85DC740C1FBA87CD00BACD4D /* AppDelegate.swift in Sources */ = {isa = PBXBuildFile; fileRef = 85DC740B1FBA87CD00BACD4D /* AppDelegate.swift */; };
		85DC740E1FBA87CD00BACD4D /* NowPlayingViewController.swift in Sources */ = {isa = PBXBuildFile; fileRef = 85DC740D1FBA87CD00BACD4D /* NowPlayingViewController.swift */; };
		85DC74111FBA87CD00BACD4D /* Main.storyboard in Resources */ = {isa = PBXBuildFile; fileRef = 85DC740F1FBA87CD00BACD4D /* Main.storyboard */; };
		85DC74131FBA87CD00BACD4D /* Assets.xcassets in Resources */ = {isa = PBXBuildFile; fileRef = 85DC74121FBA87CD00BACD4D /* Assets.xcassets */; };
		85DC74161FBA87CD00BACD4D /* LaunchScreen.storyboard in Resources */ = {isa = PBXBuildFile; fileRef = 85DC74141FBA87CD00BACD4D /* LaunchScreen.storyboard */; };
		85DC742C1FBA87CD00BACD4D /* ReactiveArchitectureUITests.swift in Sources */ = {isa = PBXBuildFile; fileRef = 85DC742B1FBA87CD00BACD4D /* ReactiveArchitectureUITests.swift */; };
		85DC74411FBA8ABB00BACD4D /* README.md in Resources */ = {isa = PBXBuildFile; fileRef = 85DC74401FBA8ABB00BACD4D /* README.md */; };
		85DC74441FBA8FE900BACD4D /* AUTHORS.md in Resources */ = {isa = PBXBuildFile; fileRef = 85DC74431FBA8FE900BACD4D /* AUTHORS.md */; };
		85DC74461FBA8FFA00BACD4D /* BUILDS.md in Resources */ = {isa = PBXBuildFile; fileRef = 85DC74451FBA8FFA00BACD4D /* BUILDS.md */; };
		85DC74481FBA908100BACD4D /* DEPENDENCIES in Resources */ = {isa = PBXBuildFile; fileRef = 85DC74471FBA908100BACD4D /* DEPENDENCIES */; };
		85DC744A1FBA90AB00BACD4D /* STYLES.md in Resources */ = {isa = PBXBuildFile; fileRef = 85DC74491FBA90AB00BACD4D /* STYLES.md */; };
		85ED0DE11FCF3A0A00793B91 /* APIError.swift in Sources */ = {isa = PBXBuildFile; fileRef = 85ED0DE01FCF3A0A00793B91 /* APIError.swift */; };
		BF0ACAA6EF01519EE56F7939 /* Pods_ReactiveArchitectureTests.framework in Frameworks */ = {isa = PBXBuildFile; fileRef = A92F51E3E63D4BD7BBD2DE39 /* Pods_ReactiveArchitectureTests.framework */; };
/* End PBXBuildFile section */

/* Begin PBXContainerItemProxy section */
		85DC741D1FBA87CD00BACD4D /* PBXContainerItemProxy */ = {
			isa = PBXContainerItemProxy;
			containerPortal = 85DC74001FBA87CD00BACD4D /* Project object */;
			proxyType = 1;
			remoteGlobalIDString = 85DC74071FBA87CD00BACD4D;
			remoteInfo = ReactiveArchitecture;
		};
		85DC74281FBA87CD00BACD4D /* PBXContainerItemProxy */ = {
			isa = PBXContainerItemProxy;
			containerPortal = 85DC74001FBA87CD00BACD4D /* Project object */;
			proxyType = 1;
			remoteGlobalIDString = 85DC74071FBA87CD00BACD4D;
			remoteInfo = ReactiveArchitecture;
		};
/* End PBXContainerItemProxy section */

/* Begin PBXFileReference section */
		114D9D4883DF26946500BA99 /* Pods-ReactiveArchitectureTests.release.xcconfig */ = {isa = PBXFileReference; includeInIndex = 1; lastKnownFileType = text.xcconfig; name = "Pods-ReactiveArchitectureTests.release.xcconfig"; path = "Pods/Target Support Files/Pods-ReactiveArchitectureTests/Pods-ReactiveArchitectureTests.release.xcconfig"; sourceTree = "<group>"; };
		1901FB5F9B5FB6CD6B54A996 /* Pods_ReactiveArchitecture.framework */ = {isa = PBXFileReference; explicitFileType = wrapper.framework; includeInIndex = 0; path = Pods_ReactiveArchitecture.framework; sourceTree = BUILT_PRODUCTS_DIR; };
		3D1F51331460467339977E99 /* Pods_ReactiveArchitectureUITests.framework */ = {isa = PBXFileReference; explicitFileType = wrapper.framework; includeInIndex = 0; path = Pods_ReactiveArchitectureUITests.framework; sourceTree = BUILT_PRODUCTS_DIR; };
		5E3CB1998B032BDF098F2870 /* Pods-ReactiveArchitectureUITests.debug.xcconfig */ = {isa = PBXFileReference; includeInIndex = 1; lastKnownFileType = text.xcconfig; name = "Pods-ReactiveArchitectureUITests.debug.xcconfig"; path = "Pods/Target Support Files/Pods-ReactiveArchitectureUITests/Pods-ReactiveArchitectureUITests.debug.xcconfig"; sourceTree = "<group>"; };
		852655301FBBAA340049C0C2 /* NowPlayingTableViewController.swift */ = {isa = PBXFileReference; lastKnownFileType = sourcecode.swift; path = NowPlayingTableViewController.swift; sourceTree = "<group>"; };
		852655331FBCFDFC0049C0C2 /* Dates.swift */ = {isa = PBXFileReference; lastKnownFileType = sourcecode.swift; path = Dates.swift; sourceTree = "<group>"; };
		852655351FBCFFFC0049C0C2 /* Results.swift */ = {isa = PBXFileReference; lastKnownFileType = sourcecode.swift; path = Results.swift; sourceTree = "<group>"; };
		852655371FBD05700049C0C2 /* ServiceResponse.swift */ = {isa = PBXFileReference; lastKnownFileType = sourcecode.swift; path = ServiceResponse.swift; sourceTree = "<group>"; };
		852655391FBD095F0049C0C2 /* ServiceApi.swift */ = {isa = PBXFileReference; lastKnownFileType = sourcecode.swift; path = ServiceApi.swift; sourceTree = "<group>"; };
		8526553B1FBDB4050049C0C2 /* ServiceApiImpl.swift */ = {isa = PBXFileReference; lastKnownFileType = sourcecode.swift; path = ServiceApiImpl.swift; sourceTree = "<group>"; };
		8534CF631FD6CA9300A7C7F5 /* ServiceApiTest.swift */ = {isa = PBXFileReference; lastKnownFileType = sourcecode.swift; path = ServiceApiTest.swift; sourceTree = "<group>"; };
		85DC74081FBA87CD00BACD4D /* ReactiveArchitecture.app */ = {isa = PBXFileReference; explicitFileType = wrapper.application; includeInIndex = 0; path = ReactiveArchitecture.app; sourceTree = BUILT_PRODUCTS_DIR; };
		85DC740B1FBA87CD00BACD4D /* AppDelegate.swift */ = {isa = PBXFileReference; lastKnownFileType = sourcecode.swift; path = AppDelegate.swift; sourceTree = "<group>"; };
		85DC740D1FBA87CD00BACD4D /* NowPlayingViewController.swift */ = {isa = PBXFileReference; lastKnownFileType = sourcecode.swift; path = NowPlayingViewController.swift; sourceTree = "<group>"; };
		85DC74101FBA87CD00BACD4D /* Base */ = {isa = PBXFileReference; lastKnownFileType = file.storyboard; name = Base; path = Base.lproj/Main.storyboard; sourceTree = "<group>"; };
		85DC74121FBA87CD00BACD4D /* Assets.xcassets */ = {isa = PBXFileReference; lastKnownFileType = folder.assetcatalog; path = Assets.xcassets; sourceTree = "<group>"; };
		85DC74151FBA87CD00BACD4D /* Base */ = {isa = PBXFileReference; lastKnownFileType = file.storyboard; name = Base; path = Base.lproj/LaunchScreen.storyboard; sourceTree = "<group>"; };
		85DC74171FBA87CD00BACD4D /* Info.plist */ = {isa = PBXFileReference; lastKnownFileType = text.plist.xml; path = Info.plist; sourceTree = "<group>"; };
		85DC741C1FBA87CD00BACD4D /* ReactiveArchitectureTests.xctest */ = {isa = PBXFileReference; explicitFileType = wrapper.cfbundle; includeInIndex = 0; path = ReactiveArchitectureTests.xctest; sourceTree = BUILT_PRODUCTS_DIR; };
		85DC74221FBA87CD00BACD4D /* Info.plist */ = {isa = PBXFileReference; lastKnownFileType = text.plist.xml; path = Info.plist; sourceTree = "<group>"; };
		85DC74271FBA87CD00BACD4D /* ReactiveArchitectureUITests.xctest */ = {isa = PBXFileReference; explicitFileType = wrapper.cfbundle; includeInIndex = 0; path = ReactiveArchitectureUITests.xctest; sourceTree = BUILT_PRODUCTS_DIR; };
		85DC742B1FBA87CD00BACD4D /* ReactiveArchitectureUITests.swift */ = {isa = PBXFileReference; lastKnownFileType = sourcecode.swift; path = ReactiveArchitectureUITests.swift; sourceTree = "<group>"; };
		85DC742D1FBA87CD00BACD4D /* Info.plist */ = {isa = PBXFileReference; lastKnownFileType = text.plist.xml; path = Info.plist; sourceTree = "<group>"; };
		85DC74401FBA8ABB00BACD4D /* README.md */ = {isa = PBXFileReference; lastKnownFileType = net.daringfireball.markdown; path = README.md; sourceTree = "<group>"; };
		85DC74431FBA8FE900BACD4D /* AUTHORS.md */ = {isa = PBXFileReference; lastKnownFileType = net.daringfireball.markdown; path = AUTHORS.md; sourceTree = "<group>"; };
		85DC74451FBA8FFA00BACD4D /* BUILDS.md */ = {isa = PBXFileReference; lastKnownFileType = net.daringfireball.markdown; path = BUILDS.md; sourceTree = "<group>"; };
		85DC74471FBA908100BACD4D /* DEPENDENCIES */ = {isa = PBXFileReference; lastKnownFileType = text; path = DEPENDENCIES; sourceTree = "<group>"; };
		85DC74491FBA90AB00BACD4D /* STYLES.md */ = {isa = PBXFileReference; lastKnownFileType = net.daringfireball.markdown; path = STYLES.md; sourceTree = "<group>"; };
		85ED0DE01FCF3A0A00793B91 /* APIError.swift */ = {isa = PBXFileReference; lastKnownFileType = sourcecode.swift; path = APIError.swift; sourceTree = "<group>"; };
		9C220A6E91F9DFD0CA49D4BD /* Pods-ReactiveArchitectureUITests.release.xcconfig */ = {isa = PBXFileReference; includeInIndex = 1; lastKnownFileType = text.xcconfig; name = "Pods-ReactiveArchitectureUITests.release.xcconfig"; path = "Pods/Target Support Files/Pods-ReactiveArchitectureUITests/Pods-ReactiveArchitectureUITests.release.xcconfig"; sourceTree = "<group>"; };
		A05FA6D6313341BDBA09B80C /* Pods-ReactiveArchitecture.debug.xcconfig */ = {isa = PBXFileReference; includeInIndex = 1; lastKnownFileType = text.xcconfig; name = "Pods-ReactiveArchitecture.debug.xcconfig"; path = "Pods/Target Support Files/Pods-ReactiveArchitecture/Pods-ReactiveArchitecture.debug.xcconfig"; sourceTree = "<group>"; };
		A92F51E3E63D4BD7BBD2DE39 /* Pods_ReactiveArchitectureTests.framework */ = {isa = PBXFileReference; explicitFileType = wrapper.framework; includeInIndex = 0; path = Pods_ReactiveArchitectureTests.framework; sourceTree = BUILT_PRODUCTS_DIR; };
		CF037E430586809297258534 /* Pods-ReactiveArchitecture.release.xcconfig */ = {isa = PBXFileReference; includeInIndex = 1; lastKnownFileType = text.xcconfig; name = "Pods-ReactiveArchitecture.release.xcconfig"; path = "Pods/Target Support Files/Pods-ReactiveArchitecture/Pods-ReactiveArchitecture.release.xcconfig"; sourceTree = "<group>"; };
		D3414AE988CF4D5FB67C077C /* Pods-ReactiveArchitectureTests.debug.xcconfig */ = {isa = PBXFileReference; includeInIndex = 1; lastKnownFileType = text.xcconfig; name = "Pods-ReactiveArchitectureTests.debug.xcconfig"; path = "Pods/Target Support Files/Pods-ReactiveArchitectureTests/Pods-ReactiveArchitectureTests.debug.xcconfig"; sourceTree = "<group>"; };
/* End PBXFileReference section */

/* Begin PBXFrameworksBuildPhase section */
		85DC74051FBA87CD00BACD4D /* Frameworks */ = {
			isa = PBXFrameworksBuildPhase;
			buildActionMask = 2147483647;
			files = (
				2197BE45551A5EB5404C15C7 /* Pods_ReactiveArchitecture.framework in Frameworks */,
			);
			runOnlyForDeploymentPostprocessing = 0;
		};
		85DC74191FBA87CD00BACD4D /* Frameworks */ = {
			isa = PBXFrameworksBuildPhase;
			buildActionMask = 2147483647;
			files = (
				BF0ACAA6EF01519EE56F7939 /* Pods_ReactiveArchitectureTests.framework in Frameworks */,
			);
			runOnlyForDeploymentPostprocessing = 0;
		};
		85DC74241FBA87CD00BACD4D /* Frameworks */ = {
			isa = PBXFrameworksBuildPhase;
			buildActionMask = 2147483647;
			files = (
				1D1334FB3221641EA77D4B2E /* Pods_ReactiveArchitectureUITests.framework in Frameworks */,
			);
			runOnlyForDeploymentPostprocessing = 0;
		};
/* End PBXFrameworksBuildPhase section */

/* Begin PBXGroup section */
		852655321FBCFDB10049C0C2 /* service */ = {
			isa = PBXGroup;
			children = (
				852655331FBCFDFC0049C0C2 /* Dates.swift */,
				852655351FBCFFFC0049C0C2 /* Results.swift */,
				852655371FBD05700049C0C2 /* ServiceResponse.swift */,
				852655391FBD095F0049C0C2 /* ServiceApi.swift */,
				8526553B1FBDB4050049C0C2 /* ServiceApiImpl.swift */,
			);
			path = service;
			sourceTree = "<group>";
		};
		85DC73FF1FBA87CD00BACD4D = {
			isa = PBXGroup;
			children = (
				85DC74421FBA8FC300BACD4D /* Doc */,
				85DC740A1FBA87CD00BACD4D /* ReactiveArchitecture */,
				85DC741F1FBA87CD00BACD4D /* ReactiveArchitectureTests */,
				85DC742A1FBA87CD00BACD4D /* ReactiveArchitectureUITests */,
				85DC74091FBA87CD00BACD4D /* Products */,
				85DC74401FBA8ABB00BACD4D /* README.md */,
				C79C21BDC85BD71575EE48C0 /* Pods */,
				CB08FD7AF1F0BD4A621FAFAA /* Frameworks */,
			);
			sourceTree = "<group>";
		};
		85DC74091FBA87CD00BACD4D /* Products */ = {
			isa = PBXGroup;
			children = (
				85DC74081FBA87CD00BACD4D /* ReactiveArchitecture.app */,
				85DC741C1FBA87CD00BACD4D /* ReactiveArchitectureTests.xctest */,
				85DC74271FBA87CD00BACD4D /* ReactiveArchitectureUITests.xctest */,
			);
			name = Products;
			sourceTree = "<group>";
		};
		85DC740A1FBA87CD00BACD4D /* ReactiveArchitecture */ = {
			isa = PBXGroup;
			children = (
				85DC743A1FBA88C400BACD4D /* Resources */,
				85DC74391FBA88AB00BACD4D /* Classes */,
			);
			path = ReactiveArchitecture;
			sourceTree = "<group>";
		};
		85DC741F1FBA87CD00BACD4D /* ReactiveArchitectureTests */ = {
			isa = PBXGroup;
			children = (
				85ED0DE21FD043DD00793B91 /* nowplaying */,
				85DC74221FBA87CD00BACD4D /* Info.plist */,
			);
			path = ReactiveArchitectureTests;
			sourceTree = "<group>";
		};
		85DC742A1FBA87CD00BACD4D /* ReactiveArchitectureUITests */ = {
			isa = PBXGroup;
			children = (
				85DC742B1FBA87CD00BACD4D /* ReactiveArchitectureUITests.swift */,
				85DC742D1FBA87CD00BACD4D /* Info.plist */,
			);
			path = ReactiveArchitectureUITests;
			sourceTree = "<group>";
		};
		85DC74391FBA88AB00BACD4D /* Classes */ = {
			isa = PBXGroup;
			children = (
				85DC743C1FBA88E400BACD4D /* nowplaying */,
				85DC743B1FBA88DE00BACD4D /* core */,
			);
			path = Classes;
			sourceTree = "<group>";
		};
		85DC743A1FBA88C400BACD4D /* Resources */ = {
			isa = PBXGroup;
			children = (
				85DC74121FBA87CD00BACD4D /* Assets.xcassets */,
				85DC74171FBA87CD00BACD4D /* Info.plist */,
				85DC743F1FBA899200BACD4D /* storyboard */,
			);
			path = Resources;
			sourceTree = "<group>";
		};
		85DC743B1FBA88DE00BACD4D /* core */ = {
			isa = PBXGroup;
			children = (
				85ED0DDF1FCF39D800793B91 /* error */,
				85DC743D1FBA88FB00BACD4D /* AppDelegate */,
			);
			path = core;
			sourceTree = "<group>";
		};
		85DC743C1FBA88E400BACD4D /* nowplaying */ = {
			isa = PBXGroup;
			children = (
				852655321FBCFDB10049C0C2 /* service */,
				85DC743E1FBA897500BACD4D /* viewcontroller */,
			);
			path = nowplaying;
			sourceTree = "<group>";
		};
		85DC743D1FBA88FB00BACD4D /* AppDelegate */ = {
			isa = PBXGroup;
			children = (
				85DC740B1FBA87CD00BACD4D /* AppDelegate.swift */,
			);
			path = AppDelegate;
			sourceTree = "<group>";
		};
		85DC743E1FBA897500BACD4D /* viewcontroller */ = {
			isa = PBXGroup;
			children = (
				85DC740D1FBA87CD00BACD4D /* NowPlayingViewController.swift */,
				852655301FBBAA340049C0C2 /* NowPlayingTableViewController.swift */,
			);
			path = viewcontroller;
			sourceTree = "<group>";
		};
		85DC743F1FBA899200BACD4D /* storyboard */ = {
			isa = PBXGroup;
			children = (
				85DC740F1FBA87CD00BACD4D /* Main.storyboard */,
				85DC74141FBA87CD00BACD4D /* LaunchScreen.storyboard */,
			);
			path = storyboard;
			sourceTree = "<group>";
		};
		85DC74421FBA8FC300BACD4D /* Doc */ = {
			isa = PBXGroup;
			children = (
				85DC74431FBA8FE900BACD4D /* AUTHORS.md */,
				85DC74451FBA8FFA00BACD4D /* BUILDS.md */,
				85DC74471FBA908100BACD4D /* DEPENDENCIES */,
				85DC74491FBA90AB00BACD4D /* STYLES.md */,
			);
			path = Doc;
			sourceTree = "<group>";
		};
		85ED0DDF1FCF39D800793B91 /* error */ = {
			isa = PBXGroup;
			children = (
				85ED0DE01FCF3A0A00793B91 /* APIError.swift */,
			);
			path = error;
			sourceTree = "<group>";
		};
		85ED0DE21FD043DD00793B91 /* nowplaying */ = {
			isa = PBXGroup;
			children = (
				85ED0DE31FD043EA00793B91 /* service */,
			);
			path = nowplaying;
			sourceTree = "<group>";
		};
		85ED0DE31FD043EA00793B91 /* service */ = {
			isa = PBXGroup;
			children = (
				8534CF631FD6CA9300A7C7F5 /* ServiceApiTest.swift */,
			);
			path = service;
			sourceTree = "<group>";
		};
		C79C21BDC85BD71575EE48C0 /* Pods */ = {
			isa = PBXGroup;
			children = (
				A05FA6D6313341BDBA09B80C /* Pods-ReactiveArchitecture.debug.xcconfig */,
				CF037E430586809297258534 /* Pods-ReactiveArchitecture.release.xcconfig */,
				D3414AE988CF4D5FB67C077C /* Pods-ReactiveArchitectureTests.debug.xcconfig */,
				114D9D4883DF26946500BA99 /* Pods-ReactiveArchitectureTests.release.xcconfig */,
				5E3CB1998B032BDF098F2870 /* Pods-ReactiveArchitectureUITests.debug.xcconfig */,
				9C220A6E91F9DFD0CA49D4BD /* Pods-ReactiveArchitectureUITests.release.xcconfig */,
			);
			name = Pods;
			sourceTree = "<group>";
		};
		CB08FD7AF1F0BD4A621FAFAA /* Frameworks */ = {
			isa = PBXGroup;
			children = (
				1901FB5F9B5FB6CD6B54A996 /* Pods_ReactiveArchitecture.framework */,
				A92F51E3E63D4BD7BBD2DE39 /* Pods_ReactiveArchitectureTests.framework */,
				3D1F51331460467339977E99 /* Pods_ReactiveArchitectureUITests.framework */,
			);
			name = Frameworks;
			sourceTree = "<group>";
		};
/* End PBXGroup section */

/* Begin PBXNativeTarget section */
		85DC74071FBA87CD00BACD4D /* ReactiveArchitecture */ = {
			isa = PBXNativeTarget;
			buildConfigurationList = 85DC74301FBA87CD00BACD4D /* Build configuration list for PBXNativeTarget "ReactiveArchitecture" */;
			buildPhases = (
				E5E6C8C85977B36AB051C343 /* [CP] Check Pods Manifest.lock */,
				85DC74041FBA87CD00BACD4D /* Sources */,
				85DC74051FBA87CD00BACD4D /* Frameworks */,
				85DC74061FBA87CD00BACD4D /* Resources */,
				7C8888F3043033C6861ED404 /* [CP] Embed Pods Frameworks */,
				3FD45829D2AF1DBDBB784191 /* [CP] Copy Pods Resources */,
			);
			buildRules = (
			);
			dependencies = (
			);
			name = ReactiveArchitecture;
			productName = ReactiveArchitecture;
			productReference = 85DC74081FBA87CD00BACD4D /* ReactiveArchitecture.app */;
			productType = "com.apple.product-type.application";
		};
		85DC741B1FBA87CD00BACD4D /* ReactiveArchitectureTests */ = {
			isa = PBXNativeTarget;
			buildConfigurationList = 85DC74331FBA87CD00BACD4D /* Build configuration list for PBXNativeTarget "ReactiveArchitectureTests" */;
			buildPhases = (
				AE5D6D5AB5270BB54948A33C /* [CP] Check Pods Manifest.lock */,
				85DC74181FBA87CD00BACD4D /* Sources */,
				85DC74191FBA87CD00BACD4D /* Frameworks */,
				85DC741A1FBA87CD00BACD4D /* Resources */,
				422EFA51F8E066DC1270CA60 /* [CP] Embed Pods Frameworks */,
				AFBFBF5A463C897D17946769 /* [CP] Copy Pods Resources */,
			);
			buildRules = (
			);
			dependencies = (
				85DC741E1FBA87CD00BACD4D /* PBXTargetDependency */,
			);
			name = ReactiveArchitectureTests;
			productName = ReactiveArchitectureTests;
			productReference = 85DC741C1FBA87CD00BACD4D /* ReactiveArchitectureTests.xctest */;
			productType = "com.apple.product-type.bundle.unit-test";
		};
		85DC74261FBA87CD00BACD4D /* ReactiveArchitectureUITests */ = {
			isa = PBXNativeTarget;
			buildConfigurationList = 85DC74361FBA87CD00BACD4D /* Build configuration list for PBXNativeTarget "ReactiveArchitectureUITests" */;
			buildPhases = (
				A38F29606D948A336FFF7C6E /* [CP] Check Pods Manifest.lock */,
				85DC74231FBA87CD00BACD4D /* Sources */,
				85DC74241FBA87CD00BACD4D /* Frameworks */,
				85DC74251FBA87CD00BACD4D /* Resources */,
				982F7AD82EDC5CC42492E9DF /* [CP] Embed Pods Frameworks */,
				9D936ABF2D4514CBDE18BA83 /* [CP] Copy Pods Resources */,
			);
			buildRules = (
			);
			dependencies = (
				85DC74291FBA87CD00BACD4D /* PBXTargetDependency */,
			);
			name = ReactiveArchitectureUITests;
			productName = ReactiveArchitectureUITests;
			productReference = 85DC74271FBA87CD00BACD4D /* ReactiveArchitectureUITests.xctest */;
			productType = "com.apple.product-type.bundle.ui-testing";
		};
/* End PBXNativeTarget section */

/* Begin PBXProject section */
		85DC74001FBA87CD00BACD4D /* Project object */ = {
			isa = PBXProject;
			attributes = {
				LastSwiftUpdateCheck = 0910;
				LastUpgradeCheck = 0910;
				ORGANIZATIONNAME = leonardis;
				TargetAttributes = {
					85DC74071FBA87CD00BACD4D = {
						CreatedOnToolsVersion = 9.1;
						ProvisioningStyle = Automatic;
					};
					85DC741B1FBA87CD00BACD4D = {
						CreatedOnToolsVersion = 9.1;
						ProvisioningStyle = Automatic;
					};
					85DC74261FBA87CD00BACD4D = {
						CreatedOnToolsVersion = 9.1;
						ProvisioningStyle = Automatic;
						TestTargetID = 85DC74071FBA87CD00BACD4D;
					};
				};
			};
			buildConfigurationList = 85DC74031FBA87CD00BACD4D /* Build configuration list for PBXProject "ReactiveArchitecture" */;
			compatibilityVersion = "Xcode 8.0";
			developmentRegion = en;
			hasScannedForEncodings = 0;
			knownRegions = (
				en,
				Base,
			);
			mainGroup = 85DC73FF1FBA87CD00BACD4D;
			productRefGroup = 85DC74091FBA87CD00BACD4D /* Products */;
			projectDirPath = "";
			projectRoot = "";
			targets = (
				85DC74071FBA87CD00BACD4D /* ReactiveArchitecture */,
				85DC741B1FBA87CD00BACD4D /* ReactiveArchitectureTests */,
				85DC74261FBA87CD00BACD4D /* ReactiveArchitectureUITests */,
			);
		};
/* End PBXProject section */

/* Begin PBXResourcesBuildPhase section */
		85DC74061FBA87CD00BACD4D /* Resources */ = {
			isa = PBXResourcesBuildPhase;
			buildActionMask = 2147483647;
			files = (
				85DC74161FBA87CD00BACD4D /* LaunchScreen.storyboard in Resources */,
				85DC74461FBA8FFA00BACD4D /* BUILDS.md in Resources */,
				85DC74441FBA8FE900BACD4D /* AUTHORS.md in Resources */,
				85DC74481FBA908100BACD4D /* DEPENDENCIES in Resources */,
				85DC744A1FBA90AB00BACD4D /* STYLES.md in Resources */,
				85DC74131FBA87CD00BACD4D /* Assets.xcassets in Resources */,
				85DC74411FBA8ABB00BACD4D /* README.md in Resources */,
				85DC74111FBA87CD00BACD4D /* Main.storyboard in Resources */,
			);
			runOnlyForDeploymentPostprocessing = 0;
		};
		85DC741A1FBA87CD00BACD4D /* Resources */ = {
			isa = PBXResourcesBuildPhase;
			buildActionMask = 2147483647;
			files = (
			);
			runOnlyForDeploymentPostprocessing = 0;
		};
		85DC74251FBA87CD00BACD4D /* Resources */ = {
			isa = PBXResourcesBuildPhase;
			buildActionMask = 2147483647;
			files = (
			);
			runOnlyForDeploymentPostprocessing = 0;
		};
/* End PBXResourcesBuildPhase section */

/* Begin PBXShellScriptBuildPhase section */
		3FD45829D2AF1DBDBB784191 /* [CP] Copy Pods Resources */ = {
			isa = PBXShellScriptBuildPhase;
			buildActionMask = 2147483647;
			files = (
			);
			inputPaths = (
			);
			name = "[CP] Copy Pods Resources";
			outputPaths = (
			);
			runOnlyForDeploymentPostprocessing = 0;
			shellPath = /bin/sh;
			shellScript = "\"${SRCROOT}/Pods/Target Support Files/Pods-ReactiveArchitecture/Pods-ReactiveArchitecture-resources.sh\"\n";
			showEnvVarsInLog = 0;
		};
		422EFA51F8E066DC1270CA60 /* [CP] Embed Pods Frameworks */ = {
			isa = PBXShellScriptBuildPhase;
			buildActionMask = 2147483647;
			files = (
			);
			inputPaths = (
			);
			name = "[CP] Embed Pods Frameworks";
			outputPaths = (
			);
			runOnlyForDeploymentPostprocessing = 0;
			shellPath = /bin/sh;
			shellScript = "\"${SRCROOT}/Pods/Target Support Files/Pods-ReactiveArchitectureTests/Pods-ReactiveArchitectureTests-frameworks.sh\"\n";
			showEnvVarsInLog = 0;
		};
		7C8888F3043033C6861ED404 /* [CP] Embed Pods Frameworks */ = {
			isa = PBXShellScriptBuildPhase;
			buildActionMask = 2147483647;
			files = (
			);
			inputPaths = (
			);
			name = "[CP] Embed Pods Frameworks";
			outputPaths = (
			);
			runOnlyForDeploymentPostprocessing = 0;
			shellPath = /bin/sh;
			shellScript = "\"${SRCROOT}/Pods/Target Support Files/Pods-ReactiveArchitecture/Pods-ReactiveArchitecture-frameworks.sh\"\n";
			showEnvVarsInLog = 0;
		};
		982F7AD82EDC5CC42492E9DF /* [CP] Embed Pods Frameworks */ = {
			isa = PBXShellScriptBuildPhase;
			buildActionMask = 2147483647;
			files = (
			);
			inputPaths = (
			);
			name = "[CP] Embed Pods Frameworks";
			outputPaths = (
			);
			runOnlyForDeploymentPostprocessing = 0;
			shellPath = /bin/sh;
			shellScript = "\"${SRCROOT}/Pods/Target Support Files/Pods-ReactiveArchitectureUITests/Pods-ReactiveArchitectureUITests-frameworks.sh\"\n";
			showEnvVarsInLog = 0;
		};
		9D936ABF2D4514CBDE18BA83 /* [CP] Copy Pods Resources */ = {
			isa = PBXShellScriptBuildPhase;
			buildActionMask = 2147483647;
			files = (
			);
			inputPaths = (
			);
			name = "[CP] Copy Pods Resources";
			outputPaths = (
			);
			runOnlyForDeploymentPostprocessing = 0;
			shellPath = /bin/sh;
			shellScript = "\"${SRCROOT}/Pods/Target Support Files/Pods-ReactiveArchitectureUITests/Pods-ReactiveArchitectureUITests-resources.sh\"\n";
			showEnvVarsInLog = 0;
		};
		A38F29606D948A336FFF7C6E /* [CP] Check Pods Manifest.lock */ = {
			isa = PBXShellScriptBuildPhase;
			buildActionMask = 2147483647;
			files = (
			);
			inputPaths = (
			);
			name = "[CP] Check Pods Manifest.lock";
			outputPaths = (
			);
			runOnlyForDeploymentPostprocessing = 0;
			shellPath = /bin/sh;
			shellScript = "diff \"${PODS_ROOT}/../Podfile.lock\" \"${PODS_ROOT}/Manifest.lock\" > /dev/null\nif [ $? != 0 ] ; then\n    # print error to STDERR\n    echo \"error: The sandbox is not in sync with the Podfile.lock. Run 'pod install' or update your CocoaPods installation.\" >&2\n    exit 1\nfi\n";
			showEnvVarsInLog = 0;
		};
		AE5D6D5AB5270BB54948A33C /* [CP] Check Pods Manifest.lock */ = {
			isa = PBXShellScriptBuildPhase;
			buildActionMask = 2147483647;
			files = (
			);
			inputPaths = (
			);
			name = "[CP] Check Pods Manifest.lock";
			outputPaths = (
			);
			runOnlyForDeploymentPostprocessing = 0;
			shellPath = /bin/sh;
			shellScript = "diff \"${PODS_ROOT}/../Podfile.lock\" \"${PODS_ROOT}/Manifest.lock\" > /dev/null\nif [ $? != 0 ] ; then\n    # print error to STDERR\n    echo \"error: The sandbox is not in sync with the Podfile.lock. Run 'pod install' or update your CocoaPods installation.\" >&2\n    exit 1\nfi\n";
			showEnvVarsInLog = 0;
		};
		AFBFBF5A463C897D17946769 /* [CP] Copy Pods Resources */ = {
			isa = PBXShellScriptBuildPhase;
			buildActionMask = 2147483647;
			files = (
			);
			inputPaths = (
			);
			name = "[CP] Copy Pods Resources";
			outputPaths = (
			);
			runOnlyForDeploymentPostprocessing = 0;
			shellPath = /bin/sh;
			shellScript = "\"${SRCROOT}/Pods/Target Support Files/Pods-ReactiveArchitectureTests/Pods-ReactiveArchitectureTests-resources.sh\"\n";
			showEnvVarsInLog = 0;
		};
		E5E6C8C85977B36AB051C343 /* [CP] Check Pods Manifest.lock */ = {
			isa = PBXShellScriptBuildPhase;
			buildActionMask = 2147483647;
			files = (
			);
			inputPaths = (
			);
			name = "[CP] Check Pods Manifest.lock";
			outputPaths = (
			);
			runOnlyForDeploymentPostprocessing = 0;
			shellPath = /bin/sh;
			shellScript = "diff \"${PODS_ROOT}/../Podfile.lock\" \"${PODS_ROOT}/Manifest.lock\" > /dev/null\nif [ $? != 0 ] ; then\n    # print error to STDERR\n    echo \"error: The sandbox is not in sync with the Podfile.lock. Run 'pod install' or update your CocoaPods installation.\" >&2\n    exit 1\nfi\n";
			showEnvVarsInLog = 0;
		};
/* End PBXShellScriptBuildPhase section */

/* Begin PBXSourcesBuildPhase section */
		85DC74041FBA87CD00BACD4D /* Sources */ = {
			isa = PBXSourcesBuildPhase;
			buildActionMask = 2147483647;
			files = (
				852655381FBD05700049C0C2 /* ServiceResponse.swift in Sources */,
				85DC740E1FBA87CD00BACD4D /* NowPlayingViewController.swift in Sources */,
				8526553A1FBD095F0049C0C2 /* ServiceApi.swift in Sources */,
				85DC740C1FBA87CD00BACD4D /* AppDelegate.swift in Sources */,
				8526553C1FBDB4050049C0C2 /* ServiceApiImpl.swift in Sources */,
				852655311FBBAA340049C0C2 /* NowPlayingTableViewController.swift in Sources */,
				852655341FBCFDFC0049C0C2 /* Dates.swift in Sources */,
				852655361FBCFFFC0049C0C2 /* Results.swift in Sources */,
				85ED0DE11FCF3A0A00793B91 /* APIError.swift in Sources */,
			);
			runOnlyForDeploymentPostprocessing = 0;
		};
		85DC74181FBA87CD00BACD4D /* Sources */ = {
			isa = PBXSourcesBuildPhase;
			buildActionMask = 2147483647;
			files = (
				8534CF661FD6DCF900A7C7F5 /* Results.swift in Sources */,
				8534CF671FD6DCF900A7C7F5 /* ServiceResponse.swift in Sources */,
				8534CF681FD6DCF900A7C7F5 /* ServiceApi.swift in Sources */,
				8534CF691FD6DCF900A7C7F5 /* ServiceApiImpl.swift in Sources */,
				8534CF6A1FD6DCF900A7C7F5 /* APIError.swift in Sources */,
				8534CF651FD6DAD100A7C7F5 /* Dates.swift in Sources */,
				8534CF641FD6CA9300A7C7F5 /* ServiceApiTest.swift in Sources */,
			);
			runOnlyForDeploymentPostprocessing = 0;
		};
		85DC74231FBA87CD00BACD4D /* Sources */ = {
			isa = PBXSourcesBuildPhase;
			buildActionMask = 2147483647;
			files = (
				85DC742C1FBA87CD00BACD4D /* ReactiveArchitectureUITests.swift in Sources */,
			);
			runOnlyForDeploymentPostprocessing = 0;
		};
/* End PBXSourcesBuildPhase section */

/* Begin PBXTargetDependency section */
		85DC741E1FBA87CD00BACD4D /* PBXTargetDependency */ = {
			isa = PBXTargetDependency;
			target = 85DC74071FBA87CD00BACD4D /* ReactiveArchitecture */;
			targetProxy = 85DC741D1FBA87CD00BACD4D /* PBXContainerItemProxy */;
		};
		85DC74291FBA87CD00BACD4D /* PBXTargetDependency */ = {
			isa = PBXTargetDependency;
			target = 85DC74071FBA87CD00BACD4D /* ReactiveArchitecture */;
			targetProxy = 85DC74281FBA87CD00BACD4D /* PBXContainerItemProxy */;
		};
/* End PBXTargetDependency section */

/* Begin PBXVariantGroup section */
		85DC740F1FBA87CD00BACD4D /* Main.storyboard */ = {
			isa = PBXVariantGroup;
			children = (
				85DC74101FBA87CD00BACD4D /* Base */,
			);
			name = Main.storyboard;
			sourceTree = "<group>";
		};
		85DC74141FBA87CD00BACD4D /* LaunchScreen.storyboard */ = {
			isa = PBXVariantGroup;
			children = (
				85DC74151FBA87CD00BACD4D /* Base */,
			);
			name = LaunchScreen.storyboard;
			sourceTree = "<group>";
		};
/* End PBXVariantGroup section */

/* Begin XCBuildConfiguration section */
		85DC742E1FBA87CD00BACD4D /* Debug */ = {
			isa = XCBuildConfiguration;
			buildSettings = {
				ALWAYS_SEARCH_USER_PATHS = NO;
				CLANG_ANALYZER_NONNULL = YES;
				CLANG_ANALYZER_NUMBER_OBJECT_CONVERSION = YES_AGGRESSIVE;
				CLANG_CXX_LANGUAGE_STANDARD = "gnu++14";
				CLANG_CXX_LIBRARY = "libc++";
				CLANG_ENABLE_MODULES = YES;
				CLANG_ENABLE_OBJC_ARC = YES;
				CLANG_WARN_BLOCK_CAPTURE_AUTORELEASING = YES;
				CLANG_WARN_BOOL_CONVERSION = YES;
				CLANG_WARN_COMMA = YES;
				CLANG_WARN_CONSTANT_CONVERSION = YES;
				CLANG_WARN_DIRECT_OBJC_ISA_USAGE = YES_ERROR;
				CLANG_WARN_DOCUMENTATION_COMMENTS = YES;
				CLANG_WARN_EMPTY_BODY = YES;
				CLANG_WARN_ENUM_CONVERSION = YES;
				CLANG_WARN_INFINITE_RECURSION = YES;
				CLANG_WARN_INT_CONVERSION = YES;
				CLANG_WARN_NON_LITERAL_NULL_CONVERSION = YES;
				CLANG_WARN_OBJC_LITERAL_CONVERSION = YES;
				CLANG_WARN_OBJC_ROOT_CLASS = YES_ERROR;
				CLANG_WARN_RANGE_LOOP_ANALYSIS = YES;
				CLANG_WARN_STRICT_PROTOTYPES = YES;
				CLANG_WARN_SUSPICIOUS_MOVE = YES;
				CLANG_WARN_UNGUARDED_AVAILABILITY = YES_AGGRESSIVE;
				CLANG_WARN_UNREACHABLE_CODE = YES;
				CLANG_WARN__DUPLICATE_METHOD_MATCH = YES;
				CODE_SIGN_IDENTITY = "iPhone Developer";
				COPY_PHASE_STRIP = NO;
				DEBUG_INFORMATION_FORMAT = dwarf;
				ENABLE_STRICT_OBJC_MSGSEND = YES;
				ENABLE_TESTABILITY = YES;
				GCC_C_LANGUAGE_STANDARD = gnu11;
				GCC_DYNAMIC_NO_PIC = NO;
				GCC_NO_COMMON_BLOCKS = YES;
				GCC_OPTIMIZATION_LEVEL = 0;
				GCC_PREPROCESSOR_DEFINITIONS = (
					"DEBUG=1",
					"$(inherited)",
				);
				GCC_WARN_64_TO_32_BIT_CONVERSION = YES;
				GCC_WARN_ABOUT_RETURN_TYPE = YES_ERROR;
				GCC_WARN_UNDECLARED_SELECTOR = YES;
				GCC_WARN_UNINITIALIZED_AUTOS = YES_AGGRESSIVE;
				GCC_WARN_UNUSED_FUNCTION = YES;
				GCC_WARN_UNUSED_VARIABLE = YES;
				IPHONEOS_DEPLOYMENT_TARGET = 11.1;
				MTL_ENABLE_DEBUG_INFO = YES;
				ONLY_ACTIVE_ARCH = YES;
				SDKROOT = iphoneos;
				SWIFT_ACTIVE_COMPILATION_CONDITIONS = DEBUG;
				SWIFT_OPTIMIZATION_LEVEL = "-Onone";
			};
			name = Debug;
		};
		85DC742F1FBA87CD00BACD4D /* Release */ = {
			isa = XCBuildConfiguration;
			buildSettings = {
				ALWAYS_SEARCH_USER_PATHS = NO;
				CLANG_ANALYZER_NONNULL = YES;
				CLANG_ANALYZER_NUMBER_OBJECT_CONVERSION = YES_AGGRESSIVE;
				CLANG_CXX_LANGUAGE_STANDARD = "gnu++14";
				CLANG_CXX_LIBRARY = "libc++";
				CLANG_ENABLE_MODULES = YES;
				CLANG_ENABLE_OBJC_ARC = YES;
				CLANG_WARN_BLOCK_CAPTURE_AUTORELEASING = YES;
				CLANG_WARN_BOOL_CONVERSION = YES;
				CLANG_WARN_COMMA = YES;
				CLANG_WARN_CONSTANT_CONVERSION = YES;
				CLANG_WARN_DIRECT_OBJC_ISA_USAGE = YES_ERROR;
				CLANG_WARN_DOCUMENTATION_COMMENTS = YES;
				CLANG_WARN_EMPTY_BODY = YES;
				CLANG_WARN_ENUM_CONVERSION = YES;
				CLANG_WARN_INFINITE_RECURSION = YES;
				CLANG_WARN_INT_CONVERSION = YES;
				CLANG_WARN_NON_LITERAL_NULL_CONVERSION = YES;
				CLANG_WARN_OBJC_LITERAL_CONVERSION = YES;
				CLANG_WARN_OBJC_ROOT_CLASS = YES_ERROR;
				CLANG_WARN_RANGE_LOOP_ANALYSIS = YES;
				CLANG_WARN_STRICT_PROTOTYPES = YES;
				CLANG_WARN_SUSPICIOUS_MOVE = YES;
				CLANG_WARN_UNGUARDED_AVAILABILITY = YES_AGGRESSIVE;
				CLANG_WARN_UNREACHABLE_CODE = YES;
				CLANG_WARN__DUPLICATE_METHOD_MATCH = YES;
				CODE_SIGN_IDENTITY = "iPhone Developer";
				COPY_PHASE_STRIP = NO;
				DEBUG_INFORMATION_FORMAT = "dwarf-with-dsym";
				ENABLE_NS_ASSERTIONS = NO;
				ENABLE_STRICT_OBJC_MSGSEND = YES;
				GCC_C_LANGUAGE_STANDARD = gnu11;
				GCC_NO_COMMON_BLOCKS = YES;
				GCC_WARN_64_TO_32_BIT_CONVERSION = YES;
				GCC_WARN_ABOUT_RETURN_TYPE = YES_ERROR;
				GCC_WARN_UNDECLARED_SELECTOR = YES;
				GCC_WARN_UNINITIALIZED_AUTOS = YES_AGGRESSIVE;
				GCC_WARN_UNUSED_FUNCTION = YES;
				GCC_WARN_UNUSED_VARIABLE = YES;
				IPHONEOS_DEPLOYMENT_TARGET = 11.1;
				MTL_ENABLE_DEBUG_INFO = NO;
				SDKROOT = iphoneos;
				SWIFT_OPTIMIZATION_LEVEL = "-Owholemodule";
				VALIDATE_PRODUCT = YES;
			};
			name = Release;
		};
		85DC74311FBA87CD00BACD4D /* Debug */ = {
			isa = XCBuildConfiguration;
			baseConfigurationReference = A05FA6D6313341BDBA09B80C /* Pods-ReactiveArchitecture.debug.xcconfig */;
			buildSettings = {
				ALWAYS_EMBED_SWIFT_STANDARD_LIBRARIES = YES;
				ASSETCATALOG_COMPILER_APPICON_NAME = AppIcon;
				CODE_SIGN_STYLE = Automatic;
				DEVELOPMENT_TEAM = JB6N9AM8V8;
				INFOPLIST_FILE = "$(SRCROOT)/ReactiveArchitecture/Resources/Info.plist";
				LD_RUNPATH_SEARCH_PATHS = "$(inherited) @executable_path/Frameworks";
				PRODUCT_BUNDLE_IDENTIFIER = com.example.ReactiveArchitecture;
				PRODUCT_NAME = "$(TARGET_NAME)";
				SWIFT_VERSION = 4.0;
				TARGETED_DEVICE_FAMILY = 1;
			};
			name = Debug;
		};
		85DC74321FBA87CD00BACD4D /* Release */ = {
			isa = XCBuildConfiguration;
			baseConfigurationReference = CF037E430586809297258534 /* Pods-ReactiveArchitecture.release.xcconfig */;
			buildSettings = {
				ALWAYS_EMBED_SWIFT_STANDARD_LIBRARIES = YES;
				ASSETCATALOG_COMPILER_APPICON_NAME = AppIcon;
				CODE_SIGN_STYLE = Automatic;
				DEVELOPMENT_TEAM = JB6N9AM8V8;
				INFOPLIST_FILE = "$(SRCROOT)/ReactiveArchitecture/Resources/Info.plist";
				LD_RUNPATH_SEARCH_PATHS = "$(inherited) @executable_path/Frameworks";
				PRODUCT_BUNDLE_IDENTIFIER = com.example.ReactiveArchitecture;
				PRODUCT_NAME = "$(TARGET_NAME)";
				SWIFT_VERSION = 4.0;
				TARGETED_DEVICE_FAMILY = 1;
			};
			name = Release;
		};
		85DC74341FBA87CD00BACD4D /* Debug */ = {
			isa = XCBuildConfiguration;
			baseConfigurationReference = D3414AE988CF4D5FB67C077C /* Pods-ReactiveArchitectureTests.debug.xcconfig */;
			buildSettings = {
				ALWAYS_EMBED_SWIFT_STANDARD_LIBRARIES = YES;
				CODE_SIGN_STYLE = Automatic;
				DEVELOPMENT_TEAM = JB6N9AM8V8;
				INFOPLIST_FILE = ReactiveArchitectureTests/Info.plist;
				LD_RUNPATH_SEARCH_PATHS = "$(inherited) @executable_path/Frameworks @loader_path/Frameworks";
				PRODUCT_BUNDLE_IDENTIFIER = com.example.ReactiveArchitectureTests;
				PRODUCT_NAME = "$(TARGET_NAME)";
				SWIFT_VERSION = 4.0;
				TARGETED_DEVICE_FAMILY = "1,2";
			};
			name = Debug;
		};
		85DC74351FBA87CD00BACD4D /* Release */ = {
			isa = XCBuildConfiguration;
			baseConfigurationReference = 114D9D4883DF26946500BA99 /* Pods-ReactiveArchitectureTests.release.xcconfig */;
			buildSettings = {
				ALWAYS_EMBED_SWIFT_STANDARD_LIBRARIES = YES;
				CODE_SIGN_STYLE = Automatic;
				DEVELOPMENT_TEAM = JB6N9AM8V8;
				INFOPLIST_FILE = ReactiveArchitectureTests/Info.plist;
				LD_RUNPATH_SEARCH_PATHS = "$(inherited) @executable_path/Frameworks @loader_path/Frameworks";
				PRODUCT_BUNDLE_IDENTIFIER = com.example.ReactiveArchitectureTests;
				PRODUCT_NAME = "$(TARGET_NAME)";
				SWIFT_VERSION = 4.0;
				TARGETED_DEVICE_FAMILY = "1,2";
			};
			name = Release;
		};
		85DC74371FBA87CD00BACD4D /* Debug */ = {
			isa = XCBuildConfiguration;
			baseConfigurationReference = 5E3CB1998B032BDF098F2870 /* Pods-ReactiveArchitectureUITests.debug.xcconfig */;
			buildSettings = {
				ALWAYS_EMBED_SWIFT_STANDARD_LIBRARIES = YES;
				CODE_SIGN_STYLE = Automatic;
				DEVELOPMENT_TEAM = JB6N9AM8V8;
				INFOPLIST_FILE = ReactiveArchitectureUITests/Info.plist;
				LD_RUNPATH_SEARCH_PATHS = "$(inherited) @executable_path/Frameworks @loader_path/Frameworks";
				PRODUCT_BUNDLE_IDENTIFIER = com.example.ReactiveArchitectureUITests;
				PRODUCT_NAME = "$(TARGET_NAME)";
				SWIFT_VERSION = 4.0;
				TARGETED_DEVICE_FAMILY = "1,2";
				TEST_TARGET_NAME = ReactiveArchitecture;
			};
			name = Debug;
		};
		85DC74381FBA87CD00BACD4D /* Release */ = {
			isa = XCBuildConfiguration;
			baseConfigurationReference = 9C220A6E91F9DFD0CA49D4BD /* Pods-ReactiveArchitectureUITests.release.xcconfig */;
			buildSettings = {
				ALWAYS_EMBED_SWIFT_STANDARD_LIBRARIES = YES;
				CODE_SIGN_STYLE = Automatic;
				DEVELOPMENT_TEAM = JB6N9AM8V8;
				INFOPLIST_FILE = ReactiveArchitectureUITests/Info.plist;
				LD_RUNPATH_SEARCH_PATHS = "$(inherited) @executable_path/Frameworks @loader_path/Frameworks";
				PRODUCT_BUNDLE_IDENTIFIER = com.example.ReactiveArchitectureUITests;
				PRODUCT_NAME = "$(TARGET_NAME)";
				SWIFT_VERSION = 4.0;
				TARGETED_DEVICE_FAMILY = "1,2";
				TEST_TARGET_NAME = ReactiveArchitecture;
			};
			name = Release;
		};
/* End XCBuildConfiguration section */

/* Begin XCConfigurationList section */
		85DC74031FBA87CD00BACD4D /* Build configuration list for PBXProject "ReactiveArchitecture" */ = {
			isa = XCConfigurationList;
			buildConfigurations = (
				85DC742E1FBA87CD00BACD4D /* Debug */,
				85DC742F1FBA87CD00BACD4D /* Release */,
			);
			defaultConfigurationIsVisible = 0;
			defaultConfigurationName = Release;
		};
		85DC74301FBA87CD00BACD4D /* Build configuration list for PBXNativeTarget "ReactiveArchitecture" */ = {
			isa = XCConfigurationList;
			buildConfigurations = (
				85DC74311FBA87CD00BACD4D /* Debug */,
				85DC74321FBA87CD00BACD4D /* Release */,
			);
			defaultConfigurationIsVisible = 0;
			defaultConfigurationName = Release;
		};
		85DC74331FBA87CD00BACD4D /* Build configuration list for PBXNativeTarget "ReactiveArchitectureTests" */ = {
			isa = XCConfigurationList;
			buildConfigurations = (
				85DC74341FBA87CD00BACD4D /* Debug */,
				85DC74351FBA87CD00BACD4D /* Release */,
			);
			defaultConfigurationIsVisible = 0;
			defaultConfigurationName = Release;
		};
		85DC74361FBA87CD00BACD4D /* Build configuration list for PBXNativeTarget "ReactiveArchitectureUITests" */ = {
			isa = XCConfigurationList;
			buildConfigurations = (
				85DC74371FBA87CD00BACD4D /* Debug */,
				85DC74381FBA87CD00BACD4D /* Release */,
			);
			defaultConfigurationIsVisible = 0;
			defaultConfigurationName = Release;
		};
/* End XCConfigurationList section */
	};
	rootObject = 85DC74001FBA87CD00BACD4D /* Project object */;
}
